
Microsoft Visual Studio Solution File, Format Version 12.00
# Visual Studio Version 16
VisualStudioVersion = 16.0.31129.286
MinimumVisualStudioVersion = 10.0.40219.1
Project("{9A19103F-16F7-4668-BE54-9A1E7A4F7556}") = "DataAccess", "DataAccess\DataAccess.csproj", "{DA367504-FD59-413C-A873-A9B89D0C2553}"
EndProject
Project("{9A19103F-16F7-4668-BE54-9A1E7A4F7556}") = "Entities", "Entities\Entities.csproj", "{CFCBB55E-9EC3-4EAB-839E-DBA0D488E140}"
EndProject
Project("{9A19103F-16F7-4668-BE54-9A1E7A4F7556}") = "Core", "Core\Core.csproj", "{390FAB7A-F075-4528-95D6-2C759A2AB60D}"
EndProject
Project("{9A19103F-16F7-4668-BE54-9A1E7A4F7556}") = "WebAPI", "WebAPI\WebAPI.csproj", "{B79F64DA-2F8E-4DFA-A2F4-008EC6B56A85}"
EndProject
Project("{9A19103F-16F7-4668-BE54-9A1E7A4F7556}") = "MvcUI", "MvcUI\MvcUI.csproj", "{9C18E58B-0CB9-4FA5-A8AD-0084CBAB47A3}"
EndProject
Project("{FAE04EC0-301F-11D3-BF4B-00C04F79EFBC}") = "Business", "Business\Business.csproj", "{123568A5-8B84-4676-8168-179493600EDB}"
EndProject
Global
	GlobalSection(SolutionConfigurationPlatforms) = preSolution
		Debug|Any CPU = Debug|Any CPU
		Release|Any CPU = Release|Any CPU
	EndGlobalSection
	GlobalSection(ProjectConfigurationPlatforms) = postSolution
		{DA367504-FD59-413C-A873-A9B89D0C2553}.Debug|Any CPU.ActiveCfg = Debug|Any CPU
		{DA367504-FD59-413C-A873-A9B89D0C2553}.Debug|Any CPU.Build.0 = Debug|Any CPU
		{DA367504-FD59-413C-A873-A9B89D0C2553}.Release|Any CPU.ActiveCfg = Release|Any CPU
		{DA367504-FD59-413C-A873-A9B89D0C2553}.Release|Any CPU.Build.0 = Release|Any CPU
		{CFCBB55E-9EC3-4EAB-839E-DBA0D488E140}.Debug|Any CPU.ActiveCfg = Debug|Any CPU
		{CFCBB55E-9EC3-4EAB-839E-DBA0D488E140}.Debug|Any CPU.Build.0 = Debug|Any CPU
		{CFCBB55E-9EC3-4EAB-839E-DBA0D488E140}.Release|Any CPU.ActiveCfg = Release|Any CPU
		{CFCBB55E-9EC3-4EAB-839E-DBA0D488E140}.Release|Any CPU.Build.0 = Release|Any CPU
		{390FAB7A-F075-4528-95D6-2C759A2AB60D}.Debug|Any CPU.ActiveCfg = Debug|Any CPU
		{390FAB7A-F075-4528-95D6-2C759A2AB60D}.Debug|Any CPU.Build.0 = Debug|Any CPU
		{390FAB7A-F075-4528-95D6-2C759A2AB60D}.Release|Any CPU.ActiveCfg = Release|Any CPU
		{390FAB7A-F075-4528-95D6-2C759A2AB60D}.Release|Any CPU.Build.0 = Release|Any CPU
		{B79F64DA-2F8E-4DFA-A2F4-008EC6B56A85}.Debug|Any CPU.ActiveCfg = Debug|Any CPU
		{B79F64DA-2F8E-4DFA-A2F4-008EC6B56A85}.Debug|Any CPU.Build.0 = Debug|Any CPU
		{B79F64DA-2F8E-4DFA-A2F4-008EC6B56A85}.Release|Any CPU.ActiveCfg = Release|Any CPU
		{B79F64DA-2F8E-4DFA-A2F4-008EC6B56A85}.Release|Any CPU.Build.0 = Release|Any CPU
		{9C18E58B-0CB9-4FA5-A8AD-0084CBAB47A3}.Debug|Any CPU.ActiveCfg = Debug|Any CPU
		{9C18E58B-0CB9-4FA5-A8AD-0084CBAB47A3}.Debug|Any CPU.Build.0 = Debug|Any CPU
		{9C18E58B-0CB9-4FA5-A8AD-0084CBAB47A3}.Release|Any CPU.ActiveCfg = Release|Any CPU
		{9C18E58B-0CB9-4FA5-A8AD-0084CBAB47A3}.Release|Any CPU.Build.0 = Release|Any CPU
		{123568A5-8B84-4676-8168-179493600EDB}.Debug|Any CPU.ActiveCfg = Debug|Any CPU
		{123568A5-8B84-4676-8168-179493600EDB}.Debug|Any CPU.Build.0 = Debug|Any CPU
		{123568A5-8B84-4676-8168-179493600EDB}.Release|Any CPU.ActiveCfg = Release|Any CPU
		{123568A5-8B84-4676-8168-179493600EDB}.Release|Any CPU.Build.0 = Release|Any CPU
	EndGlobalSection
	GlobalSection(SolutionProperties) = preSolution
		HideSolutionNode = FALSE
	EndGlobalSection
	GlobalSection(ExtensibilityGlobals) = postSolution
		SolutionGuid = {6ADBC618-7CB6-40BD-8C5D-6BBC0FE8AA3B}
	EndGlobalSection
EndGlobal
